{
  "requires": true,
  "lockfileVersion": 1,
  "dependencies": {
    "@ng-select/ng-select": {
      "version": "3.7.1",
      "resolved": "https://registry.npmjs.org/@ng-select/ng-select/-/ng-select-3.7.1.tgz",
      "integrity": "sha512-wV1BpJCuxVU8aCf8t/nMrDp63oFgS2z7TB9BETm3Lul9AhI93JAM809VWkERGbQ9GQQvr7YDkPXvkGISqoUGgg==",
      "requires": {
        "tslib": "^1.9.0"
      }
    },
    "tslib": {
      "version": "1.10.0",
      "resolved": "https://registry.npmjs.org/tslib/-/tslib-1.10.0.tgz",
      "integrity": "sha512-qOebF53frne81cf0S9B41ByenJ3/IuH8yJKngAX35CmiZySA0khhkovshKK+jGCaMnVomla7gVlIcc3EvKPbTQ=="
    }
  }
}
